{
  "name": "miniprogram_npm",
  "version": "1.0.0",
  "lockfileVersion": 2,
  "requires": true,
  "packages": {
    "": {
      "name": "miniprogram_npm",
      "version": "1.0.0",
      "license": "ISC",
      "dependencies": {
        "vtuweapp": "^1.2.7"
      }
    },
    "node_modules/vtuweapp": {
      "version": "1.2.7",
      "resolved": "https://repo.huaweicloud.com/repository/npm/vtuweapp/-/vtuweapp-1.2.7.tgz",
      "integrity": "sha512-AFf6963aG9dckTk9v5Yhm+dRWllL5lxpZvqD/9npaIwPoqAO6FYLSzshKngJ9twlZkRI3elzmUpF9nsT72bINQ==",
      "license": "MIT"
    }
  },
  "dependencies": {
    "vtuweapp": {
      "version": "1.2.7",
      "resolved": "https://repo.huaweicloud.com/repository/npm/vtuweapp/-/vtuweapp-1.2.7.tgz",
      "integrity": "sha512-AFf6963aG9dckTk9v5Yhm+dRWllL5lxpZvqD/9npaIwPoqAO6FYLSzshKngJ9twlZkRI3elzmUpF9nsT72bINQ=="
    }
  }
}
